# This file was autogenerated by uv via the following command:
#    uv pip compile requirements.txt -o requirements.lock
pyside6==6.11.1
    # via -r requirements.txt
pyside6-addons==6.11.1
    # via pyside6
pyside6-essentials==6.11.1
    # via
    #   pyside6
    #   pyside6-addons
shiboken6==6.11.1
    # via
    #   pyside6
    #   pyside6-addons
    #   pyside6-essentials
